
Microsoft Visual Studio Solution File, Format Version 12.00
# Visual Studio Version 16
VisualStudioVersion = 16.0.30717.126
MinimumVisualStudioVersion = 10.0.40219.1
Project("{9A19103F-16F7-4668-BE54-9A1E7A4F7556}") = "MoveBetweenBlobsApp", "MoveBetweenBlobsApp.csproj", "{BFD47AA6-617E-466B-B8A1-CE4AE076BAFE}"
EndProject
Global
	GlobalSection(SolutionConfigurationPlatforms) = preSolution
		Debug|Any CPU = Debug|Any CPU
		Release|Any CPU = Release|Any CPU
	EndGlobalSection
	GlobalSection(ProjectConfigurationPlatforms) = postSolution
		{BFD47AA6-617E-466B-B8A1-CE4AE076BAFE}.Debug|Any CPU.ActiveCfg = Debug|Any CPU
		{BFD47AA6-617E-466B-B8A1-CE4AE076BAFE}.Debug|Any CPU.Build.0 = Debug|Any CPU
		{BFD47AA6-617E-466B-B8A1-CE4AE076BAFE}.Release|Any CPU.ActiveCfg = Release|Any CPU
		{BFD47AA6-617E-466B-B8A1-CE4AE076BAFE}.Release|Any CPU.Build.0 = Release|Any CPU
	EndGlobalSection
	GlobalSection(SolutionProperties) = preSolution
		HideSolutionNode = FALSE
	EndGlobalSection
	GlobalSection(ExtensibilityGlobals) = postSolution
		SolutionGuid = {2FE25350-2C23-408F-B986-A694713B10AF}
	EndGlobalSection
EndGlobal
