
Microsoft Visual Studio Solution File, Format Version 12.00
# Visual Studio Version 16
VisualStudioVersion = 16.0.30717.126
MinimumVisualStudioVersion = 10.0.40219.1
Project("{FAE04EC0-301F-11D3-BF4B-00C04F79EFBC}") = "CdnWebApp", "CdnWebApp.csproj", "{383E1D6B-C712-48D4-85CB-7D8AA054EC41}"
EndProject
Global
	GlobalSection(SolutionConfigurationPlatforms) = preSolution
		Debug|Any CPU = Debug|Any CPU
		Release|Any CPU = Release|Any CPU
	EndGlobalSection
	GlobalSection(ProjectConfigurationPlatforms) = postSolution
		{383E1D6B-C712-48D4-85CB-7D8AA054EC41}.Debug|Any CPU.ActiveCfg = Debug|Any CPU
		{383E1D6B-C712-48D4-85CB-7D8AA054EC41}.Debug|Any CPU.Build.0 = Debug|Any CPU
		{383E1D6B-C712-48D4-85CB-7D8AA054EC41}.Release|Any CPU.ActiveCfg = Release|Any CPU
		{383E1D6B-C712-48D4-85CB-7D8AA054EC41}.Release|Any CPU.Build.0 = Release|Any CPU
	EndGlobalSection
	GlobalSection(SolutionProperties) = preSolution
		HideSolutionNode = FALSE
	EndGlobalSection
	GlobalSection(ExtensibilityGlobals) = postSolution
		SolutionGuid = {E6E0EBC9-950E-4FE4-9F4C-48F414425CE2}
	EndGlobalSection
EndGlobal
