
Microsoft Visual Studio Solution File, Format Version 12.00
# Visual Studio Version 16
VisualStudioVersion = 16.0.30717.126
MinimumVisualStudioVersion = 10.0.40219.1
Project("{9A19103F-16F7-4668-BE54-9A1E7A4F7556}") = "AppUsingAZAppConfig", "AppUsingAZAppConfig.csproj", "{969CDD8B-D9B0-4BF1-B87B-8C87DC1251B1}"
EndProject
Global
	GlobalSection(SolutionConfigurationPlatforms) = preSolution
		Debug|Any CPU = Debug|Any CPU
		Release|Any CPU = Release|Any CPU
	EndGlobalSection
	GlobalSection(ProjectConfigurationPlatforms) = postSolution
		{969CDD8B-D9B0-4BF1-B87B-8C87DC1251B1}.Debug|Any CPU.ActiveCfg = Debug|Any CPU
		{969CDD8B-D9B0-4BF1-B87B-8C87DC1251B1}.Debug|Any CPU.Build.0 = Debug|Any CPU
		{969CDD8B-D9B0-4BF1-B87B-8C87DC1251B1}.Release|Any CPU.ActiveCfg = Release|Any CPU
		{969CDD8B-D9B0-4BF1-B87B-8C87DC1251B1}.Release|Any CPU.Build.0 = Release|Any CPU
	EndGlobalSection
	GlobalSection(SolutionProperties) = preSolution
		HideSolutionNode = FALSE
	EndGlobalSection
	GlobalSection(ExtensibilityGlobals) = postSolution
		SolutionGuid = {2AA86248-68D6-41CC-B5AD-A55C6951CD40}
	EndGlobalSection
EndGlobal
