
Microsoft Visual Studio Solution File, Format Version 12.00
# Visual Studio Version 16
VisualStudioVersion = 16.0.30717.126
MinimumVisualStudioVersion = 10.0.40219.1
Project("{9A19103F-16F7-4668-BE54-9A1E7A4F7556}") = "01_01_CreateVm", "01_01_CreateVm.csproj", "{A86FD62E-E51B-4F32-9B10-016F2E2284F2}"
EndProject
Global
	GlobalSection(SolutionConfigurationPlatforms) = preSolution
		Debug|Any CPU = Debug|Any CPU
		Release|Any CPU = Release|Any CPU
	EndGlobalSection
	GlobalSection(ProjectConfigurationPlatforms) = postSolution
		{A86FD62E-E51B-4F32-9B10-016F2E2284F2}.Debug|Any CPU.ActiveCfg = Debug|Any CPU
		{A86FD62E-E51B-4F32-9B10-016F2E2284F2}.Debug|Any CPU.Build.0 = Debug|Any CPU
		{A86FD62E-E51B-4F32-9B10-016F2E2284F2}.Release|Any CPU.ActiveCfg = Release|Any CPU
		{A86FD62E-E51B-4F32-9B10-016F2E2284F2}.Release|Any CPU.Build.0 = Release|Any CPU
	EndGlobalSection
	GlobalSection(SolutionProperties) = preSolution
		HideSolutionNode = FALSE
	EndGlobalSection
	GlobalSection(ExtensibilityGlobals) = postSolution
		SolutionGuid = {195E87CC-4DD8-47E5-B998-BB87DD1B104B}
	EndGlobalSection
EndGlobal
